
Microsoft Visual Studio Solution File, Format Version 12.00
# Visual Studio Version 17
VisualStudioVersion = 17.14.36408.4 d17.14
MinimumVisualStudioVersion = 10.0.40219.1
Project("{FAE04EC0-301F-11D3-BF4B-00C04F79EFBC}") = "BranchesAndMergeConflicts_MasonSeale_GageMcKenzie", "BranchesAndMergeConflicts_MasonSeale_GageMcKenzie\BranchesAndMergeConflicts_MasonSeale_GageMcKenzie.csproj", "{28B0F63F-9B5A-4DF4-A993-1D170FAB2FA6}"
EndProject
Global
	GlobalSection(SolutionConfigurationPlatforms) = preSolution
		Debug|Any CPU = Debug|Any CPU
		Release|Any CPU = Release|Any CPU
	EndGlobalSection
	GlobalSection(ProjectConfigurationPlatforms) = postSolution
		{28B0F63F-9B5A-4DF4-A993-1D170FAB2FA6}.Debug|Any CPU.ActiveCfg = Debug|Any CPU
		{28B0F63F-9B5A-4DF4-A993-1D170FAB2FA6}.Debug|Any CPU.Build.0 = Debug|Any CPU
		{28B0F63F-9B5A-4DF4-A993-1D170FAB2FA6}.Release|Any CPU.ActiveCfg = Release|Any CPU
		{28B0F63F-9B5A-4DF4-A993-1D170FAB2FA6}.Release|Any CPU.Build.0 = Release|Any CPU
	EndGlobalSection
	GlobalSection(SolutionProperties) = preSolution
		HideSolutionNode = FALSE
	EndGlobalSection
	GlobalSection(ExtensibilityGlobals) = postSolution
		SolutionGuid = {D2FFC9C1-D5F0-41AC-9C54-D97B53FC7981}
	EndGlobalSection
EndGlobal
